// !$*UTF8*$!
{
	archiveVersion = 1;
	classes = {
	};
	objectVersion = 50;
	objects = {

/* Begin PBXBuildFile section */
		5232770A255AC36700C9C173 /* AppDelegate.swift in Sources */ = {isa = PBXBuildFile; fileRef = 52327709255AC36700C9C173 /* AppDelegate.swift */; };
		5232770C255AC36700C9C173 /* GameScene.sks in Resources */ = {isa = PBXBuildFile; fileRef = 5232770B255AC36700C9C173 /* GameScene.sks */; };
		5232770E255AC36700C9C173 /* Actions.sks in Resources */ = {isa = PBXBuildFile; fileRef = 5232770D255AC36700C9C173 /* Actions.sks */; };
		52327710255AC36700C9C173 /* GameScene.swift in Sources */ = {isa = PBXBuildFile; fileRef = 5232770F255AC36700C9C173 /* GameScene.swift */; };
		52327712255AC36700C9C173 /* GameViewController.swift in Sources */ = {isa = PBXBuildFile; fileRef = 52327711255AC36700C9C173 /* GameViewController.swift */; };
		52327715255AC36700C9C173 /* Main.storyboard in Resources */ = {isa = PBXBuildFile; fileRef = 52327713255AC36700C9C173 /* Main.storyboard */; };
		52327717255AC36B00C9C173 /* Assets.xcassets in Resources */ = {isa = PBXBuildFile; fileRef = 52327716255AC36B00C9C173 /* Assets.xcassets */; };
		52327722255ACE4000C9C173 /* bullet.mp3 in Resources */ = {isa = PBXBuildFile; fileRef = 52327720255ACE4000C9C173 /* bullet.mp3 */; };
		52327723255ACE4000C9C173 /* vzriv.mp3 in Resources */ = {isa = PBXBuildFile; fileRef = 52327721255ACE4000C9C173 /* vzriv.mp3 */; };
		5232772B255ACECE00C9C173 /* Starfield.sks in Resources */ = {isa = PBXBuildFile; fileRef = 52327729255ACECE00C9C173 /* Starfield.sks */; };
		5232772C255ACECE00C9C173 /* Vzriv.sks in Resources */ = {isa = PBXBuildFile; fileRef = 5232772A255ACECE00C9C173 /* Vzriv.sks */; };
		525F59EC257E28AA001FD525 /* simulator_screenshot_4D6C5431-BB8E-46C7-B891-B12DCC0E0CFF.png in Resources */ = {isa = PBXBuildFile; fileRef = 525F59EB257E28AA001FD525 /* simulator_screenshot_4D6C5431-BB8E-46C7-B891-B12DCC0E0CFF.png */; };
/* End PBXBuildFile section */

/* Begin PBXFileReference section */
		52327706255AC36700C9C173 /* Rabbit Run.app */ = {isa = PBXFileReference; explicitFileType = wrapper.application; includeInIndex = 0; path = "Rabbit Run.app"; sourceTree = BUILT_PRODUCTS_DIR; };
		52327709255AC36700C9C173 /* AppDelegate.swift */ = {isa = PBXFileReference; lastKnownFileType = sourcecode.swift; path = AppDelegate.swift; sourceTree = "<group>"; };
		5232770B255AC36700C9C173 /* GameScene.sks */ = {isa = PBXFileReference; lastKnownFileType = file.sks; path = GameScene.sks; sourceTree = "<group>"; };
		5232770D255AC36700C9C173 /* Actions.sks */ = {isa = PBXFileReference; lastKnownFileType = file.sks; path = Actions.sks; sourceTree = "<group>"; };
		5232770F255AC36700C9C173 /* GameScene.swift */ = {isa = PBXFileReference; lastKnownFileType = sourcecode.swift; path = GameScene.swift; sourceTree = "<group>"; };
		52327711255AC36700C9C173 /* GameViewController.swift */ = {isa = PBXFileReference; lastKnownFileType = sourcecode.swift; path = GameViewController.swift; sourceTree = "<group>"; };
		52327714255AC36700C9C173 /* Base */ = {isa = PBXFileReference; lastKnownFileType = file.storyboard; name = Base; path = Base.lproj/Main.storyboard; sourceTree = "<group>"; };
		52327716255AC36B00C9C173 /* Assets.xcassets */ = {isa = PBXFileReference; lastKnownFileType = folder.assetcatalog; path = Assets.xcassets; sourceTree = "<group>"; };
		52327718255AC36B00C9C173 /* Info.plist */ = {isa = PBXFileReference; lastKnownFileType = text.plist.xml; path = Info.plist; sourceTree = "<group>"; };
		52327720255ACE4000C9C173 /* bullet.mp3 */ = {isa = PBXFileReference; lastKnownFileType = audio.mp3; path = bullet.mp3; sourceTree = "<group>"; };
		52327721255ACE4000C9C173 /* vzriv.mp3 */ = {isa = PBXFileReference; lastKnownFileType = audio.mp3; path = vzriv.mp3; sourceTree = "<group>"; };
		52327729255ACECE00C9C173 /* Starfield.sks */ = {isa = PBXFileReference; lastKnownFileType = file.sks; path = Starfield.sks; sourceTree = "<group>"; };
		5232772A255ACECE00C9C173 /* Vzriv.sks */ = {isa = PBXFileReference; lastKnownFileType = file.sks; path = Vzriv.sks; sourceTree = "<group>"; };
		525F59EB257E28AA001FD525 /* simulator_screenshot_4D6C5431-BB8E-46C7-B891-B12DCC0E0CFF.png */ = {isa = PBXFileReference; lastKnownFileType = image.png; path = "simulator_screenshot_4D6C5431-BB8E-46C7-B891-B12DCC0E0CFF.png"; sourceTree = "<group>"; };
/* End PBXFileReference section */

/* Begin PBXFrameworksBuildPhase section */
		52327703255AC36700C9C173 /* Frameworks */ = {
			isa = PBXFrameworksBuildPhase;
			buildActionMask = 2147483647;
			files = (
			);
			runOnlyForDeploymentPostprocessing = 0;
		};
/* End PBXFrameworksBuildPhase section */

/* Begin PBXGroup section */
		523276FD255AC36700C9C173 = {
			isa = PBXGroup;
			children = (
				52327708255AC36700C9C173 /* Rabbit Run */,
				52327707255AC36700C9C173 /* Products */,
			);
			sourceTree = "<group>";
		};
		52327707255AC36700C9C173 /* Products */ = {
			isa = PBXGroup;
			children = (
				52327706255AC36700C9C173 /* Rabbit Run.app */,
			);
			name = Products;
			sourceTree = "<group>";
		};
		52327708255AC36700C9C173 /* Rabbit Run */ = {
			isa = PBXGroup;
			children = (
				52327729255ACECE00C9C173 /* Starfield.sks */,
				5232772A255ACECE00C9C173 /* Vzriv.sks */,
				52327720255ACE4000C9C173 /* bullet.mp3 */,
				52327721255ACE4000C9C173 /* vzriv.mp3 */,
				52327709255AC36700C9C173 /* AppDelegate.swift */,
				5232770B255AC36700C9C173 /* GameScene.sks */,
				5232770D255AC36700C9C173 /* Actions.sks */,
				5232770F255AC36700C9C173 /* GameScene.swift */,
				52327711255AC36700C9C173 /* GameViewController.swift */,
				52327713255AC36700C9C173 /* Main.storyboard */,
				52327716255AC36B00C9C173 /* Assets.xcassets */,
				525F59EB257E28AA001FD525 /* simulator_screenshot_4D6C5431-BB8E-46C7-B891-B12DCC0E0CFF.png */,
				52327718255AC36B00C9C173 /* Info.plist */,
			);
			path = "Rabbit Run";
			sourceTree = "<group>";
		};
/* End PBXGroup section */

/* Begin PBXNativeTarget section */
		52327705255AC36700C9C173 /* Rabbit Run */ = {
			isa = PBXNativeTarget;
			buildConfigurationList = 5232771B255AC36B00C9C173 /* Build configuration list for PBXNativeTarget "Rabbit Run" */;
			buildPhases = (
				52327702255AC36700C9C173 /* Sources */,
				52327703255AC36700C9C173 /* Frameworks */,
				52327704255AC36700C9C173 /* Resources */,
			);
			buildRules = (
			);
			dependencies = (
			);
			name = "Rabbit Run";
			productName = "Rabbit Run";
			productReference = 52327706255AC36700C9C173 /* Rabbit Run.app */;
			productType = "com.apple.product-type.application";
		};
/* End PBXNativeTarget section */

/* Begin PBXProject section */
		523276FE255AC36700C9C173 /* Project object */ = {
			isa = PBXProject;
			attributes = {
				LastSwiftUpdateCheck = 1220;
				LastUpgradeCheck = 1220;
				TargetAttributes = {
					52327705255AC36700C9C173 = {
						CreatedOnToolsVersion = 12.2;
					};
				};
			};
			buildConfigurationList = 52327701255AC36700C9C173 /* Build configuration list for PBXProject "Rabbit Run" */;
			compatibilityVersion = "Xcode 9.3";
			developmentRegion = en;
			hasScannedForEncodings = 0;
			knownRegions = (
				en,
				Base,
			);
			mainGroup = 523276FD255AC36700C9C173;
			productRefGroup = 52327707255AC36700C9C173 /* Products */;
			projectDirPath = "";
			projectRoot = "";
			targets = (
				52327705255AC36700C9C173 /* Rabbit Run */,
			);
		};
/* End PBXProject section */

/* Begin PBXResourcesBuildPhase section */
		52327704255AC36700C9C173 /* Resources */ = {
			isa = PBXResourcesBuildPhase;
			buildActionMask = 2147483647;
			files = (
				5232772B255ACECE00C9C173 /* Starfield.sks in Resources */,
				5232772C255ACECE00C9C173 /* Vzriv.sks in Resources */,
				52327723255ACE4000C9C173 /* vzriv.mp3 in Resources */,
				52327715255AC36700C9C173 /* Main.storyboard in Resources */,
				5232770C255AC36700C9C173 /* GameScene.sks in Resources */,
				52327722255ACE4000C9C173 /* bullet.mp3 in Resources */,
				525F59EC257E28AA001FD525 /* simulator_screenshot_4D6C5431-BB8E-46C7-B891-B12DCC0E0CFF.png in Resources */,
				52327717255AC36B00C9C173 /* Assets.xcassets in Resources */,
				5232770E255AC36700C9C173 /* Actions.sks in Resources */,
			);
			runOnlyForDeploymentPostprocessing = 0;
		};
/* End PBXResourcesBuildPhase section */

/* Begin PBXSourcesBuildPhase section */
		52327702255AC36700C9C173 /* Sources */ = {
			isa = PBXSourcesBuildPhase;
			buildActionMask = 2147483647;
			files = (
				52327710255AC36700C9C173 /* GameScene.swift in Sources */,
				52327712255AC36700C9C173 /* GameViewController.swift in Sources */,
				5232770A255AC36700C9C173 /* AppDelegate.swift in Sources */,
			);
			runOnlyForDeploymentPostprocessing = 0;
		};
/* End PBXSourcesBuildPhase section */

/* Begin PBXVariantGroup section */
		52327713255AC36700C9C173 /* Main.storyboard */ = {
			isa = PBXVariantGroup;
			children = (
				52327714255AC36700C9C173 /* Base */,
			);
			name = Main.storyboard;
			sourceTree = "<group>";
		};
/* End PBXVariantGroup section */

/* Begin XCBuildConfiguration section */
		52327719255AC36B00C9C173 /* Debug */ = {
			isa = XCBuildConfiguration;
			buildSettings = {
				ALWAYS_SEARCH_USER_PATHS = NO;
				CLANG_ANALYZER_NONNULL = YES;
				CLANG_ANALYZER_NUMBER_OBJECT_CONVERSION = YES_AGGRESSIVE;
				CLANG_CXX_LANGUAGE_STANDARD = "gnu++14";
				CLANG_CXX_LIBRARY = "libc++";
				CLANG_ENABLE_MODULES = YES;
				CLANG_ENABLE_OBJC_ARC = YES;
				CLANG_ENABLE_OBJC_WEAK = YES;
				CLANG_WARN_BLOCK_CAPTURE_AUTORELEASING = YES;
				CLANG_WARN_BOOL_CONVERSION = YES;
				CLANG_WARN_COMMA = YES;
				CLANG_WARN_CONSTANT_CONVERSION = YES;
				CLANG_WARN_DEPRECATED_OBJC_IMPLEMENTATIONS = YES;
				CLANG_WARN_DIRECT_OBJC_ISA_USAGE = YES_ERROR;
				CLANG_WARN_DOCUMENTATION_COMMENTS = YES;
				CLANG_WARN_EMPTY_BODY = YES;
				CLANG_WARN_ENUM_CONVERSION = YES;
				CLANG_WARN_INFINITE_RECURSION = YES;
				CLANG_WARN_INT_CONVERSION = YES;
				CLANG_WARN_NON_LITERAL_NULL_CONVERSION = YES;
				CLANG_WARN_OBJC_IMPLICIT_RETAIN_SELF = YES;
				CLANG_WARN_OBJC_LITERAL_CONVERSION = YES;
				CLANG_WARN_OBJC_ROOT_CLASS = YES_ERROR;
				CLANG_WARN_QUOTED_INCLUDE_IN_FRAMEWORK_HEADER = YES;
				CLANG_WARN_RANGE_LOOP_ANALYSIS = YES;
				CLANG_WARN_STRICT_PROTOTYPES = YES;
				CLANG_WARN_SUSPICIOUS_MOVE = YES;
				CLANG_WARN_UNGUARDED_AVAILABILITY = YES_AGGRESSIVE;
				CLANG_WARN_UNREACHABLE_CODE = YES;
				CLANG_WARN__DUPLICATE_METHOD_MATCH = YES;
				COPY_PHASE_STRIP = NO;
				DEBUG_INFORMATION_FORMAT = dwarf;
				ENABLE_STRICT_OBJC_MSGSEND = YES;
				ENABLE_TESTABILITY = YES;
				GCC_C_LANGUAGE_STANDARD = gnu11;
				GCC_DYNAMIC_NO_PIC = NO;
				GCC_NO_COMMON_BLOCKS = YES;
				GCC_OPTIMIZATION_LEVEL = 0;
				GCC_PREPROCESSOR_DEFINITIONS = (
					"DEBUG=1",
					"$(inherited)",
				);
				GCC_WARN_64_TO_32_BIT_CONVERSION = YES;
				GCC_WARN_ABOUT_RETURN_TYPE = YES_ERROR;
				GCC_WARN_UNDECLARED_SELECTOR = YES;
				GCC_WARN_UNINITIALIZED_AUTOS = YES_AGGRESSIVE;
				GCC_WARN_UNUSED_FUNCTION = YES;
				GCC_WARN_UNUSED_VARIABLE = YES;
				IPHONEOS_DEPLOYMENT_TARGET = 14.2;
				MTL_ENABLE_DEBUG_INFO = INCLUDE_SOURCE;
				MTL_FAST_MATH = YES;
				ONLY_ACTIVE_ARCH = YES;
				SDKROOT = iphoneos;
				SWIFT_ACTIVE_COMPILATION_CONDITIONS = DEBUG;
				SWIFT_OPTIMIZATION_LEVEL = "-Onone";
			};
			name = Debug;
		};
		5232771A255AC36B00C9C173 /* Release */ = {
			isa = XCBuildConfiguration;
			buildSettings = {
				ALWAYS_SEARCH_USER_PATHS = NO;
				CLANG_ANALYZER_NONNULL = YES;
				CLANG_ANALYZER_NUMBER_OBJECT_CONVERSION = YES_AGGRESSIVE;
				CLANG_CXX_LANGUAGE_STANDARD = "gnu++14";
				CLANG_CXX_LIBRARY = "libc++";
				CLANG_ENABLE_MODULES = YES;
				CLANG_ENABLE_OBJC_ARC = YES;
				CLANG_ENABLE_OBJC_WEAK = YES;
				CLANG_WARN_BLOCK_CAPTURE_AUTORELEASING = YES;
				CLANG_WARN_BOOL_CONVERSION = YES;
				CLANG_WARN_COMMA = YES;
				CLANG_WARN_CONSTANT_CONVERSION = YES;
				CLANG_WARN_DEPRECATED_OBJC_IMPLEMENTATIONS = YES;
				CLANG_WARN_DIRECT_OBJC_ISA_USAGE = YES_ERROR;
				CLANG_WARN_DOCUMENTATION_COMMENTS = YES;
				CLANG_WARN_EMPTY_BODY = YES;
				CLANG_WARN_ENUM_CONVERSION = YES;
				CLANG_WARN_INFINITE_RECURSION = YES;
				CLANG_WARN_INT_CONVERSION = YES;
				CLANG_WARN_NON_LITERAL_NULL_CONVERSION = YES;
				CLANG_WARN_OBJC_IMPLICIT_RETAIN_SELF = YES;
				CLANG_WARN_OBJC_LITERAL_CONVERSION = YES;
				CLANG_WARN_OBJC_ROOT_CLASS = YES_ERROR;
				CLANG_WARN_QUOTED_INCLUDE_IN_FRAMEWORK_HEADER = YES;
				CLANG_WARN_RANGE_LOOP_ANALYSIS = YES;
				CLANG_WARN_STRICT_PROTOTYPES = YES;
				CLANG_WARN_SUSPICIOUS_MOVE = YES;
				CLANG_WARN_UNGUARDED_AVAILABILITY = YES_AGGRESSIVE;
				CLANG_WARN_UNREACHABLE_CODE = YES;
				CLANG_WARN__DUPLICATE_METHOD_MATCH = YES;
				COPY_PHASE_STRIP = NO;
				DEBUG_INFORMATION_FORMAT = "dwarf-with-dsym";
				ENABLE_NS_ASSERTIONS = NO;
				ENABLE_STRICT_OBJC_MSGSEND = YES;
				GCC_C_LANGUAGE_STANDARD = gnu11;
				GCC_NO_COMMON_BLOCKS = YES;
				GCC_WARN_64_TO_32_BIT_CONVERSION = YES;
				GCC_WARN_ABOUT_RETURN_TYPE = YES_ERROR;
				GCC_WARN_UNDECLARED_SELECTOR = YES;
				GCC_WARN_UNINITIALIZED_AUTOS = YES_AGGRESSIVE;
				GCC_WARN_UNUSED_FUNCTION = YES;
				GCC_WARN_UNUSED_VARIABLE = YES;
				IPHONEOS_DEPLOYMENT_TARGET = 14.2;
				MTL_ENABLE_DEBUG_INFO = NO;
				MTL_FAST_MATH = YES;
				SDKROOT = iphoneos;
				SWIFT_COMPILATION_MODE = wholemodule;
				SWIFT_OPTIMIZATION_LEVEL = "-O";
				VALIDATE_PRODUCT = YES;
			};
			name = Release;
		};
		5232771C255AC36B00C9C173 /* Debug */ = {
			isa = XCBuildConfiguration;
			buildSettings = {
				ASSETCATALOG_COMPILER_APPICON_NAME = AppIcon;
				ASSETCATALOG_COMPILER_GLOBAL_ACCENT_COLOR_NAME = AccentColor;
				CODE_SIGN_STYLE = Automatic;
				DEVELOPMENT_TEAM = 9MWGQTB4CA;
				INFOPLIST_FILE = "Rabbit Run/Info.plist";
				IPHONEOS_DEPLOYMENT_TARGET = 12.2;
				LD_RUNPATH_SEARCH_PATHS = (
					"$(inherited)",
					"@executable_path/Frameworks",
				);
				PRODUCT_BUNDLE_IDENTIFIER = "training-project.Rabbit-Run";
				PRODUCT_NAME = "$(TARGET_NAME)";
				SWIFT_VERSION = 5.0;
				TARGETED_DEVICE_FAMILY = "1,2";
			};
			name = Debug;
		};
		5232771D255AC36B00C9C173 /* Release */ = {
			isa = XCBuildConfiguration;
			buildSettings = {
				ASSETCATALOG_COMPILER_APPICON_NAME = AppIcon;
				ASSETCATALOG_COMPILER_GLOBAL_ACCENT_COLOR_NAME = AccentColor;
				CODE_SIGN_STYLE = Automatic;
				DEVELOPMENT_TEAM = 9MWGQTB4CA;
				INFOPLIST_FILE = "Rabbit Run/Info.plist";
				IPHONEOS_DEPLOYMENT_TARGET = 12.2;
				LD_RUNPATH_SEARCH_PATHS = (
					"$(inherited)",
					"@executable_path/Frameworks",
				);
				PRODUCT_BUNDLE_IDENTIFIER = "training-project.Rabbit-Run";
				PRODUCT_NAME = "$(TARGET_NAME)";
				SWIFT_VERSION = 5.0;
				TARGETED_DEVICE_FAMILY = "1,2";
			};
			name = Release;
		};
/* End XCBuildConfiguration section */

/* Begin XCConfigurationList section */
		52327701255AC36700C9C173 /* Build configuration list for PBXProject "Rabbit Run" */ = {
			isa = XCConfigurationList;
			buildConfigurations = (
				52327719255AC36B00C9C173 /* Debug */,
				5232771A255AC36B00C9C173 /* Release */,
			);
			defaultConfigurationIsVisible = 0;
			defaultConfigurationName = Release;
		};
		5232771B255AC36B00C9C173 /* Build configuration list for PBXNativeTarget "Rabbit Run" */ = {
			isa = XCConfigurationList;
			buildConfigurations = (
				5232771C255AC36B00C9C173 /* Debug */,
				5232771D255AC36B00C9C173 /* Release */,
			);
			defaultConfigurationIsVisible = 0;
			defaultConfigurationName = Release;
		};
/* End XCConfigurationList section */
	};
	rootObject = 523276FE255AC36700C9C173 /* Project object */;
}
